// !$*UTF8*$!
{
	archiveVersion = 1;
	classes = {
	};
	objectVersion = 56;
	objects = {

/* Begin PBXBuildFile section */
		843CCCED292A369B005EB0CB /* SFPRODISPLAYHEAVYITALIC.OTF in Resources */ = {isa = PBXBuildFile; fileRef = 843CCCE4292A369A005EB0CB /* SFPRODISPLAYHEAVYITALIC.OTF */; };
		843CCCEE292A369B005EB0CB /* SFPRODISPLAYULTRALIGHTITALIC.OTF in Resources */ = {isa = PBXBuildFile; fileRef = 843CCCE5292A369A005EB0CB /* SFPRODISPLAYULTRALIGHTITALIC.OTF */; };
		843CCCEF292A369B005EB0CB /* SFPRODISPLAYLIGHTITALIC.OTF in Resources */ = {isa = PBXBuildFile; fileRef = 843CCCE6292A369A005EB0CB /* SFPRODISPLAYLIGHTITALIC.OTF */; };
		843CCCF0292A369B005EB0CB /* SFPRODISPLAYREGULAR.OTF in Resources */ = {isa = PBXBuildFile; fileRef = 843CCCE7292A369A005EB0CB /* SFPRODISPLAYREGULAR.OTF */; };
		843CCCF1292A369B005EB0CB /* SFPRODISPLAYMEDIUM.OTF in Resources */ = {isa = PBXBuildFile; fileRef = 843CCCE8292A369A005EB0CB /* SFPRODISPLAYMEDIUM.OTF */; };
		843CCCF2292A369B005EB0CB /* SFPRODISPLAYSEMIBOLDITALIC.OTF in Resources */ = {isa = PBXBuildFile; fileRef = 843CCCE9292A369A005EB0CB /* SFPRODISPLAYSEMIBOLDITALIC.OTF */; };
		843CCCF3292A369B005EB0CB /* SFPRODISPLAYTHINITALIC.OTF in Resources */ = {isa = PBXBuildFile; fileRef = 843CCCEA292A369A005EB0CB /* SFPRODISPLAYTHINITALIC.OTF */; };
		843CCCF4292A369B005EB0CB /* SFPRODISPLAYBOLD.OTF in Resources */ = {isa = PBXBuildFile; fileRef = 843CCCEB292A369B005EB0CB /* SFPRODISPLAYBOLD.OTF */; };
		843CCCF5292A369B005EB0CB /* SFPRODISPLAYBLACKITALIC.OTF in Resources */ = {isa = PBXBuildFile; fileRef = 843CCCEC292A369B005EB0CB /* SFPRODISPLAYBLACKITALIC.OTF */; };
		843CCCF7292A3C37005EB0CB /* SFProDisplay-Semibold.ttf in Resources */ = {isa = PBXBuildFile; fileRef = 843CCCF6292A3C37005EB0CB /* SFProDisplay-Semibold.ttf */; };
		8447136E29294D65005C6650 /* AppDelegate.swift in Sources */ = {isa = PBXBuildFile; fileRef = 8447136D29294D65005C6650 /* AppDelegate.swift */; };
		8447137029294D65005C6650 /* SceneDelegate.swift in Sources */ = {isa = PBXBuildFile; fileRef = 8447136F29294D65005C6650 /* SceneDelegate.swift */; };
		8447137729294D68005C6650 /* Assets.xcassets in Resources */ = {isa = PBXBuildFile; fileRef = 8447137629294D68005C6650 /* Assets.xcassets */; };
		8447137A29294D68005C6650 /* LaunchScreen.storyboard in Resources */ = {isa = PBXBuildFile; fileRef = 8447137829294D68005C6650 /* LaunchScreen.storyboard */; };
		8447138829295148005C6650 /* UIColor + Extensions.swift in Sources */ = {isa = PBXBuildFile; fileRef = 8447138729295148005C6650 /* UIColor + Extensions.swift */; };
		8447138B292951CA005C6650 /* Resources.swift in Sources */ = {isa = PBXBuildFile; fileRef = 8447138A292951CA005C6650 /* Resources.swift */; };
		8447139229296821005C6650 /* UIView + Extensions.swift in Sources */ = {isa = PBXBuildFile; fileRef = 8447139129296821005C6650 /* UIView + Extensions.swift */; };
		8474FC8B292979BA00227675 /* InfoViewController.swift in Sources */ = {isa = PBXBuildFile; fileRef = 8447139829296A62005C6650 /* InfoViewController.swift */; };
		84846ECC297005F400EBBCB5 /* HabitsViewController.swift in Sources */ = {isa = PBXBuildFile; fileRef = 84846ECB297005F400EBBCB5 /* HabitsViewController.swift */; };
		84846ECF2970066800EBBCB5 /* ViewController + Preview.swift in Sources */ = {isa = PBXBuildFile; fileRef = 84846ECE2970066800EBBCB5 /* ViewController + Preview.swift */; };
		84846ED12970087800EBBCB5 /* TabBar.swift in Sources */ = {isa = PBXBuildFile; fileRef = 84846ED02970087800EBBCB5 /* TabBar.swift */; };
		84846ED329700CFC00EBBCB5 /* ViewController + Extensions.swift in Sources */ = {isa = PBXBuildFile; fileRef = 84846ED229700CFC00EBBCB5 /* ViewController + Extensions.swift */; };
		84846ED5297017D200EBBCB5 /* HabitStore.swift in Sources */ = {isa = PBXBuildFile; fileRef = 84846ED4297017D200EBBCB5 /* HabitStore.swift */; };
		84846ED72970187D00EBBCB5 /* HabitViewController.swift in Sources */ = {isa = PBXBuildFile; fileRef = 84846ED62970187D00EBBCB5 /* HabitViewController.swift */; };
		84846ED929703EFF00EBBCB5 /* ProgressCollectionViewCell.swift in Sources */ = {isa = PBXBuildFile; fileRef = 84846ED829703EFF00EBBCB5 /* ProgressCollectionViewCell.swift */; };
		84846EDB2970424100EBBCB5 /* HabitDetailsViewController.swift in Sources */ = {isa = PBXBuildFile; fileRef = 84846EDA2970424100EBBCB5 /* HabitDetailsViewController.swift */; };
		84846EDD297042A400EBBCB5 /* TableActivitiesDetailsCell.swift in Sources */ = {isa = PBXBuildFile; fileRef = 84846EDC297042A400EBBCB5 /* TableActivitiesDetailsCell.swift */; };
		84846EDF2970438800EBBCB5 /* HabitCollectionViewCell.swift in Sources */ = {isa = PBXBuildFile; fileRef = 84846EDE2970438800EBBCB5 /* HabitCollectionViewCell.swift */; };
		BE9C97AD1A9E3D3943E3895E /* Pods_MyHabits.framework in Frameworks */ = {isa = PBXBuildFile; fileRef = 365AB317B5EC9D5E8486CE90 /* Pods_MyHabits.framework */; };
/* End PBXBuildFile section */

/* Begin PBXFileReference section */
		13B82294455BD8AE592100AF /* Pods-MyHabits.debug.xcconfig */ = {isa = PBXFileReference; includeInIndex = 1; lastKnownFileType = text.xcconfig; name = "Pods-MyHabits.debug.xcconfig"; path = "Target Support Files/Pods-MyHabits/Pods-MyHabits.debug.xcconfig"; sourceTree = "<group>"; };
		365AB317B5EC9D5E8486CE90 /* Pods_MyHabits.framework */ = {isa = PBXFileReference; explicitFileType = wrapper.framework; includeInIndex = 0; path = Pods_MyHabits.framework; sourceTree = BUILT_PRODUCTS_DIR; };
		3F6D38533DCE431F26180414 /* Pods-MyHabits.release.xcconfig */ = {isa = PBXFileReference; includeInIndex = 1; lastKnownFileType = text.xcconfig; name = "Pods-MyHabits.release.xcconfig"; path = "Target Support Files/Pods-MyHabits/Pods-MyHabits.release.xcconfig"; sourceTree = "<group>"; };
		843CCCE4292A369A005EB0CB /* SFPRODISPLAYHEAVYITALIC.OTF */ = {isa = PBXFileReference; lastKnownFileType = file; path = SFPRODISPLAYHEAVYITALIC.OTF; sourceTree = "<group>"; };
		843CCCE5292A369A005EB0CB /* SFPRODISPLAYULTRALIGHTITALIC.OTF */ = {isa = PBXFileReference; lastKnownFileType = file; path = SFPRODISPLAYULTRALIGHTITALIC.OTF; sourceTree = "<group>"; };
		843CCCE6292A369A005EB0CB /* SFPRODISPLAYLIGHTITALIC.OTF */ = {isa = PBXFileReference; lastKnownFileType = file; path = SFPRODISPLAYLIGHTITALIC.OTF; sourceTree = "<group>"; };
		843CCCE7292A369A005EB0CB /* SFPRODISPLAYREGULAR.OTF */ = {isa = PBXFileReference; lastKnownFileType = file; path = SFPRODISPLAYREGULAR.OTF; sourceTree = "<group>"; };
		843CCCE8292A369A005EB0CB /* SFPRODISPLAYMEDIUM.OTF */ = {isa = PBXFileReference; lastKnownFileType = file; path = SFPRODISPLAYMEDIUM.OTF; sourceTree = "<group>"; };
		843CCCE9292A369A005EB0CB /* SFPRODISPLAYSEMIBOLDITALIC.OTF */ = {isa = PBXFileReference; lastKnownFileType = file; path = SFPRODISPLAYSEMIBOLDITALIC.OTF; sourceTree = "<group>"; };
		843CCCEA292A369A005EB0CB /* SFPRODISPLAYTHINITALIC.OTF */ = {isa = PBXFileReference; lastKnownFileType = file; path = SFPRODISPLAYTHINITALIC.OTF; sourceTree = "<group>"; };
		843CCCEB292A369B005EB0CB /* SFPRODISPLAYBOLD.OTF */ = {isa = PBXFileReference; lastKnownFileType = file; path = SFPRODISPLAYBOLD.OTF; sourceTree = "<group>"; };
		843CCCEC292A369B005EB0CB /* SFPRODISPLAYBLACKITALIC.OTF */ = {isa = PBXFileReference; lastKnownFileType = file; path = SFPRODISPLAYBLACKITALIC.OTF; sourceTree = "<group>"; };
		843CCCF6292A3C37005EB0CB /* SFProDisplay-Semibold.ttf */ = {isa = PBXFileReference; lastKnownFileType = file; path = "SFProDisplay-Semibold.ttf"; sourceTree = "<group>"; };
		8447136A29294D65005C6650 /* MyHabits.app */ = {isa = PBXFileReference; explicitFileType = wrapper.application; includeInIndex = 0; path = MyHabits.app; sourceTree = BUILT_PRODUCTS_DIR; };
		8447136D29294D65005C6650 /* AppDelegate.swift */ = {isa = PBXFileReference; lastKnownFileType = sourcecode.swift; path = AppDelegate.swift; sourceTree = "<group>"; usesTabs = 0; };
		8447136F29294D65005C6650 /* SceneDelegate.swift */ = {isa = PBXFileReference; lastKnownFileType = sourcecode.swift; path = SceneDelegate.swift; sourceTree = "<group>"; };
		8447137629294D68005C6650 /* Assets.xcassets */ = {isa = PBXFileReference; lastKnownFileType = folder.assetcatalog; path = Assets.xcassets; sourceTree = "<group>"; };
		8447137929294D68005C6650 /* Base */ = {isa = PBXFileReference; lastKnownFileType = file.storyboard; name = Base; path = Base.lproj/LaunchScreen.storyboard; sourceTree = "<group>"; };
		8447137B29294D68005C6650 /* Info.plist */ = {isa = PBXFileReference; lastKnownFileType = text.plist.xml; path = Info.plist; sourceTree = "<group>"; };
		8447138729295148005C6650 /* UIColor + Extensions.swift */ = {isa = PBXFileReference; lastKnownFileType = sourcecode.swift; path = "UIColor + Extensions.swift"; sourceTree = "<group>"; };
		8447138A292951CA005C6650 /* Resources.swift */ = {isa = PBXFileReference; lastKnownFileType = sourcecode.swift; path = Resources.swift; sourceTree = "<group>"; };
		8447139129296821005C6650 /* UIView + Extensions.swift */ = {isa = PBXFileReference; lastKnownFileType = sourcecode.swift; path = "UIView + Extensions.swift"; sourceTree = "<group>"; };
		8447139829296A62005C6650 /* InfoViewController.swift */ = {isa = PBXFileReference; lastKnownFileType = sourcecode.swift; path = InfoViewController.swift; sourceTree = "<group>"; wrapsLines = 1; };
		84846ECB297005F400EBBCB5 /* HabitsViewController.swift */ = {isa = PBXFileReference; lastKnownFileType = sourcecode.swift; path = HabitsViewController.swift; sourceTree = "<group>"; };
		84846ECE2970066800EBBCB5 /* ViewController + Preview.swift */ = {isa = PBXFileReference; lastKnownFileType = sourcecode.swift; path = "ViewController + Preview.swift"; sourceTree = "<group>"; };
		84846ED02970087800EBBCB5 /* TabBar.swift */ = {isa = PBXFileReference; lastKnownFileType = sourcecode.swift; path = TabBar.swift; sourceTree = "<group>"; };
		84846ED229700CFC00EBBCB5 /* ViewController + Extensions.swift */ = {isa = PBXFileReference; lastKnownFileType = sourcecode.swift; path = "ViewController + Extensions.swift"; sourceTree = "<group>"; };
		84846ED4297017D200EBBCB5 /* HabitStore.swift */ = {isa = PBXFileReference; lastKnownFileType = sourcecode.swift; path = HabitStore.swift; sourceTree = "<group>"; };
		84846ED62970187D00EBBCB5 /* HabitViewController.swift */ = {isa = PBXFileReference; lastKnownFileType = sourcecode.swift; path = HabitViewController.swift; sourceTree = "<group>"; };
		84846ED829703EFF00EBBCB5 /* ProgressCollectionViewCell.swift */ = {isa = PBXFileReference; lastKnownFileType = sourcecode.swift; path = ProgressCollectionViewCell.swift; sourceTree = "<group>"; };
		84846EDA2970424100EBBCB5 /* HabitDetailsViewController.swift */ = {isa = PBXFileReference; lastKnownFileType = sourcecode.swift; path = HabitDetailsViewController.swift; sourceTree = "<group>"; };
		84846EDC297042A400EBBCB5 /* TableActivitiesDetailsCell.swift */ = {isa = PBXFileReference; lastKnownFileType = sourcecode.swift; path = TableActivitiesDetailsCell.swift; sourceTree = "<group>"; };
		84846EDE2970438800EBBCB5 /* HabitCollectionViewCell.swift */ = {isa = PBXFileReference; lastKnownFileType = sourcecode.swift; path = HabitCollectionViewCell.swift; sourceTree = "<group>"; };
/* End PBXFileReference section */

/* Begin PBXFrameworksBuildPhase section */
		8447136729294D65005C6650 /* Frameworks */ = {
			isa = PBXFrameworksBuildPhase;
			buildActionMask = 2147483647;
			files = (
				BE9C97AD1A9E3D3943E3895E /* Pods_MyHabits.framework in Frameworks */,
			);
			runOnlyForDeploymentPostprocessing = 0;
		};
/* End PBXFrameworksBuildPhase section */

/* Begin PBXGroup section */
		3763C60CDA2FF7BB9A988312 /* Pods */ = {
			isa = PBXGroup;
			children = (
				13B82294455BD8AE592100AF /* Pods-MyHabits.debug.xcconfig */,
				3F6D38533DCE431F26180414 /* Pods-MyHabits.release.xcconfig */,
			);
			path = Pods;
			sourceTree = "<group>";
		};
		843CCCDC292A1FEF005EB0CB /* Views */ = {
			isa = PBXGroup;
			children = (
				84846ED02970087800EBBCB5 /* TabBar.swift */,
				84846EDC297042A400EBBCB5 /* TableActivitiesDetailsCell.swift */,
				84846ED829703EFF00EBBCB5 /* ProgressCollectionViewCell.swift */,
			);
			path = Views;
			sourceTree = "<group>";
		};
		843CCCE3292A3659005EB0CB /* Fonts */ = {
			isa = PBXGroup;
			children = (
				843CCCF6292A3C37005EB0CB /* SFProDisplay-Semibold.ttf */,
				843CCCEC292A369B005EB0CB /* SFPRODISPLAYBLACKITALIC.OTF */,
				843CCCEB292A369B005EB0CB /* SFPRODISPLAYBOLD.OTF */,
				843CCCE4292A369A005EB0CB /* SFPRODISPLAYHEAVYITALIC.OTF */,
				843CCCE6292A369A005EB0CB /* SFPRODISPLAYLIGHTITALIC.OTF */,
				843CCCE8292A369A005EB0CB /* SFPRODISPLAYMEDIUM.OTF */,
				843CCCE7292A369A005EB0CB /* SFPRODISPLAYREGULAR.OTF */,
				843CCCE9292A369A005EB0CB /* SFPRODISPLAYSEMIBOLDITALIC.OTF */,
				843CCCEA292A369A005EB0CB /* SFPRODISPLAYTHINITALIC.OTF */,
				843CCCE5292A369A005EB0CB /* SFPRODISPLAYULTRALIGHTITALIC.OTF */,
			);
			path = Fonts;
			sourceTree = "<group>";
		};
		8447136129294D65005C6650 = {
			isa = PBXGroup;
			children = (
				8447136C29294D65005C6650 /* MyHabits */,
				8447136B29294D65005C6650 /* Products */,
				3763C60CDA2FF7BB9A988312 /* Pods */,
				E164194B56A5C4985BBC7B90 /* Frameworks */,
			);
			sourceTree = "<group>";
		};
		8447136B29294D65005C6650 /* Products */ = {
			isa = PBXGroup;
			children = (
				8447136A29294D65005C6650 /* MyHabits.app */,
			);
			name = Products;
			sourceTree = "<group>";
		};
		8447136C29294D65005C6650 /* MyHabits */ = {
			isa = PBXGroup;
			children = (
				84EE70B3296A1ACD007BFE49 /* Application */,
				8447138E2929664A005C6650 /* Controllers */,
				84471389292951AB005C6650 /* Extensions */,
				843CCCE3292A3659005EB0CB /* Fonts */,
				8447138129294DB1005C6650 /* HelpingFiles */,
			);
			path = MyHabits;
			sourceTree = "<group>";
		};
		8447138129294DB1005C6650 /* HelpingFiles */ = {
			isa = PBXGroup;
			children = (
				8447137629294D68005C6650 /* Assets.xcassets */,
				8447137829294D68005C6650 /* LaunchScreen.storyboard */,
				8447137B29294D68005C6650 /* Info.plist */,
			);
			path = HelpingFiles;
			sourceTree = "<group>";
		};
		84471389292951AB005C6650 /* Extensions */ = {
			isa = PBXGroup;
			children = (
				84846ECE2970066800EBBCB5 /* ViewController + Preview.swift */,
				84846ED229700CFC00EBBCB5 /* ViewController + Extensions.swift */,
				8447138729295148005C6650 /* UIColor + Extensions.swift */,
				8447139129296821005C6650 /* UIView + Extensions.swift */,
				8447138A292951CA005C6650 /* Resources.swift */,
			);
			path = Extensions;
			sourceTree = "<group>";
		};
		8447138E2929664A005C6650 /* Controllers */ = {
			isa = PBXGroup;
			children = (
				8447139529296A1D005C6650 /* Habit */,
				8447139429296A09005C6650 /* Info */,
			);
			path = Controllers;
			sourceTree = "<group>";
		};
		8447139429296A09005C6650 /* Info */ = {
			isa = PBXGroup;
			children = (
				8447139829296A62005C6650 /* InfoViewController.swift */,
			);
			path = Info;
			sourceTree = "<group>";
		};
		8447139529296A1D005C6650 /* Habit */ = {
			isa = PBXGroup;
			children = (
				84846ED4297017D200EBBCB5 /* HabitStore.swift */,
				84846ECB297005F400EBBCB5 /* HabitsViewController.swift */,
				84846ED62970187D00EBBCB5 /* HabitViewController.swift */,
				84846EDE2970438800EBBCB5 /* HabitCollectionViewCell.swift */,
				84846EDA2970424100EBBCB5 /* HabitDetailsViewController.swift */,
				843CCCDC292A1FEF005EB0CB /* Views */,
			);
			path = Habit;
			sourceTree = "<group>";
		};
		84EE70B3296A1ACD007BFE49 /* Application */ = {
			isa = PBXGroup;
			children = (
				8447136D29294D65005C6650 /* AppDelegate.swift */,
				8447136F29294D65005C6650 /* SceneDelegate.swift */,
			);
			path = Application;
			sourceTree = "<group>";
		};
		E164194B56A5C4985BBC7B90 /* Frameworks */ = {
			isa = PBXGroup;
			children = (
				365AB317B5EC9D5E8486CE90 /* Pods_MyHabits.framework */,
			);
			name = Frameworks;
			sourceTree = "<group>";
		};
/* End PBXGroup section */

/* Begin PBXNativeTarget section */
		8447136929294D65005C6650 /* MyHabits */ = {
			isa = PBXNativeTarget;
			buildConfigurationList = 8447137E29294D68005C6650 /* Build configuration list for PBXNativeTarget "MyHabits" */;
			buildPhases = (
				3F80E3E9BF0903D92FC84CB1 /* [CP] Check Pods Manifest.lock */,
				8447136629294D65005C6650 /* Sources */,
				8447136729294D65005C6650 /* Frameworks */,
				8447136829294D65005C6650 /* Resources */,
				363FB701E09AAC9E1395D947 /* [CP] Embed Pods Frameworks */,
			);
			buildRules = (
			);
			dependencies = (
			);
			name = MyHabits;
			productName = MyHabits;
			productReference = 8447136A29294D65005C6650 /* MyHabits.app */;
			productType = "com.apple.product-type.application";
		};
/* End PBXNativeTarget section */

/* Begin PBXProject section */
		8447136229294D65005C6650 /* Project object */ = {
			isa = PBXProject;
			attributes = {
				BuildIndependentTargetsInParallel = 1;
				LastSwiftUpdateCheck = 1400;
				LastUpgradeCheck = 1400;
				TargetAttributes = {
					8447136929294D65005C6650 = {
						CreatedOnToolsVersion = 14.0.1;
					};
				};
			};
			buildConfigurationList = 8447136529294D65005C6650 /* Build configuration list for PBXProject "MyHabits" */;
			compatibilityVersion = "Xcode 14.0";
			developmentRegion = en;
			hasScannedForEncodings = 0;
			knownRegions = (
				en,
				Base,
			);
			mainGroup = 8447136129294D65005C6650;
			productRefGroup = 8447136B29294D65005C6650 /* Products */;
			projectDirPath = "";
			projectRoot = "";
			targets = (
				8447136929294D65005C6650 /* MyHabits */,
			);
		};
/* End PBXProject section */

/* Begin PBXResourcesBuildPhase section */
		8447136829294D65005C6650 /* Resources */ = {
			isa = PBXResourcesBuildPhase;
			buildActionMask = 2147483647;
			files = (
				843CCCF7292A3C37005EB0CB /* SFProDisplay-Semibold.ttf in Resources */,
				843CCCF1292A369B005EB0CB /* SFPRODISPLAYMEDIUM.OTF in Resources */,
				843CCCED292A369B005EB0CB /* SFPRODISPLAYHEAVYITALIC.OTF in Resources */,
				843CCCF2292A369B005EB0CB /* SFPRODISPLAYSEMIBOLDITALIC.OTF in Resources */,
				8447137A29294D68005C6650 /* LaunchScreen.storyboard in Resources */,
				843CCCEF292A369B005EB0CB /* SFPRODISPLAYLIGHTITALIC.OTF in Resources */,
				843CCCF5292A369B005EB0CB /* SFPRODISPLAYBLACKITALIC.OTF in Resources */,
				843CCCEE292A369B005EB0CB /* SFPRODISPLAYULTRALIGHTITALIC.OTF in Resources */,
				843CCCF3292A369B005EB0CB /* SFPRODISPLAYTHINITALIC.OTF in Resources */,
				843CCCF0292A369B005EB0CB /* SFPRODISPLAYREGULAR.OTF in Resources */,
				843CCCF4292A369B005EB0CB /* SFPRODISPLAYBOLD.OTF in Resources */,
				8447137729294D68005C6650 /* Assets.xcassets in Resources */,
			);
			runOnlyForDeploymentPostprocessing = 0;
		};
/* End PBXResourcesBuildPhase section */

/* Begin PBXShellScriptBuildPhase section */
		363FB701E09AAC9E1395D947 /* [CP] Embed Pods Frameworks */ = {
			isa = PBXShellScriptBuildPhase;
			buildActionMask = 2147483647;
			files = (
			);
			inputFileListPaths = (
				"${PODS_ROOT}/Target Support Files/Pods-MyHabits/Pods-MyHabits-frameworks-${CONFIGURATION}-input-files.xcfilelist",
			);
			name = "[CP] Embed Pods Frameworks";
			outputFileListPaths = (
				"${PODS_ROOT}/Target Support Files/Pods-MyHabits/Pods-MyHabits-frameworks-${CONFIGURATION}-output-files.xcfilelist",
			);
			runOnlyForDeploymentPostprocessing = 0;
			shellPath = /bin/sh;
			shellScript = "\"${PODS_ROOT}/Target Support Files/Pods-MyHabits/Pods-MyHabits-frameworks.sh\"\n";
			showEnvVarsInLog = 0;
		};
		3F80E3E9BF0903D92FC84CB1 /* [CP] Check Pods Manifest.lock */ = {
			isa = PBXShellScriptBuildPhase;
			buildActionMask = 2147483647;
			files = (
			);
			inputFileListPaths = (
			);
			inputPaths = (
				"${PODS_PODFILE_DIR_PATH}/Podfile.lock",
				"${PODS_ROOT}/Manifest.lock",
			);
			name = "[CP] Check Pods Manifest.lock";
			outputFileListPaths = (
			);
			outputPaths = (
				"$(DERIVED_FILE_DIR)/Pods-MyHabits-checkManifestLockResult.txt",
			);
			runOnlyForDeploymentPostprocessing = 0;
			shellPath = /bin/sh;
			shellScript = "diff \"${PODS_PODFILE_DIR_PATH}/Podfile.lock\" \"${PODS_ROOT}/Manifest.lock\" > /dev/null\nif [ $? != 0 ] ; then\n    # print error to STDERR\n    echo \"error: The sandbox is not in sync with the Podfile.lock. Run 'pod install' or update your CocoaPods installation.\" >&2\n    exit 1\nfi\n# This output is used by Xcode 'outputs' to avoid re-running this script phase.\necho \"SUCCESS\" > \"${SCRIPT_OUTPUT_FILE_0}\"\n";
			showEnvVarsInLog = 0;
		};
/* End PBXShellScriptBuildPhase section */

/* Begin PBXSourcesBuildPhase section */
		8447136629294D65005C6650 /* Sources */ = {
			isa = PBXSourcesBuildPhase;
			buildActionMask = 2147483647;
			files = (
				8447139229296821005C6650 /* UIView + Extensions.swift in Sources */,
				8447136E29294D65005C6650 /* AppDelegate.swift in Sources */,
				84846ED329700CFC00EBBCB5 /* ViewController + Extensions.swift in Sources */,
				84846ED5297017D200EBBCB5 /* HabitStore.swift in Sources */,
				84846ECC297005F400EBBCB5 /* HabitsViewController.swift in Sources */,
				84846ED72970187D00EBBCB5 /* HabitViewController.swift in Sources */,
				8447138829295148005C6650 /* UIColor + Extensions.swift in Sources */,
				84846EDF2970438800EBBCB5 /* HabitCollectionViewCell.swift in Sources */,
				84846ED929703EFF00EBBCB5 /* ProgressCollectionViewCell.swift in Sources */,
				8474FC8B292979BA00227675 /* InfoViewController.swift in Sources */,
				84846EDD297042A400EBBCB5 /* TableActivitiesDetailsCell.swift in Sources */,
				84846ECF2970066800EBBCB5 /* ViewController + Preview.swift in Sources */,
				84846EDB2970424100EBBCB5 /* HabitDetailsViewController.swift in Sources */,
				8447138B292951CA005C6650 /* Resources.swift in Sources */,
				8447137029294D65005C6650 /* SceneDelegate.swift in Sources */,
				84846ED12970087800EBBCB5 /* TabBar.swift in Sources */,
			);
			runOnlyForDeploymentPostprocessing = 0;
		};
/* End PBXSourcesBuildPhase section */

/* Begin PBXVariantGroup section */
		8447137829294D68005C6650 /* LaunchScreen.storyboard */ = {
			isa = PBXVariantGroup;
			children = (
				8447137929294D68005C6650 /* Base */,
			);
			name = LaunchScreen.storyboard;
			sourceTree = "<group>";
		};
/* End PBXVariantGroup section */

/* Begin XCBuildConfiguration section */
		8447137C29294D68005C6650 /* Debug */ = {
			isa = XCBuildConfiguration;
			buildSettings = {
				ALWAYS_SEARCH_USER_PATHS = NO;
				CLANG_ANALYZER_NONNULL = YES;
				CLANG_ANALYZER_NUMBER_OBJECT_CONVERSION = YES_AGGRESSIVE;
				CLANG_CXX_LANGUAGE_STANDARD = "gnu++20";
				CLANG_ENABLE_MODULES = YES;
				CLANG_ENABLE_OBJC_ARC = YES;
				CLANG_ENABLE_OBJC_WEAK = YES;
				CLANG_WARN_BLOCK_CAPTURE_AUTORELEASING = YES;
				CLANG_WARN_BOOL_CONVERSION = YES;
				CLANG_WARN_COMMA = YES;
				CLANG_WARN_CONSTANT_CONVERSION = YES;
				CLANG_WARN_DEPRECATED_OBJC_IMPLEMENTATIONS = YES;
				CLANG_WARN_DIRECT_OBJC_ISA_USAGE = YES_ERROR;
				CLANG_WARN_DOCUMENTATION_COMMENTS = YES;
				CLANG_WARN_EMPTY_BODY = YES;
				CLANG_WARN_ENUM_CONVERSION = YES;
				CLANG_WARN_INFINITE_RECURSION = YES;
				CLANG_WARN_INT_CONVERSION = YES;
				CLANG_WARN_NON_LITERAL_NULL_CONVERSION = YES;
				CLANG_WARN_OBJC_IMPLICIT_RETAIN_SELF = YES;
				CLANG_WARN_OBJC_LITERAL_CONVERSION = YES;
				CLANG_WARN_OBJC_ROOT_CLASS = YES_ERROR;
				CLANG_WARN_QUOTED_INCLUDE_IN_FRAMEWORK_HEADER = YES;
				CLANG_WARN_RANGE_LOOP_ANALYSIS = YES;
				CLANG_WARN_STRICT_PROTOTYPES = YES;
				CLANG_WARN_SUSPICIOUS_MOVE = YES;
				CLANG_WARN_UNGUARDED_AVAILABILITY = YES_AGGRESSIVE;
				CLANG_WARN_UNREACHABLE_CODE = YES;
				CLANG_WARN__DUPLICATE_METHOD_MATCH = YES;
				COPY_PHASE_STRIP = NO;
				DEBUG_INFORMATION_FORMAT = dwarf;
				ENABLE_STRICT_OBJC_MSGSEND = YES;
				ENABLE_TESTABILITY = YES;
				GCC_C_LANGUAGE_STANDARD = gnu11;
				GCC_DYNAMIC_NO_PIC = NO;
				GCC_NO_COMMON_BLOCKS = YES;
				GCC_OPTIMIZATION_LEVEL = 0;
				GCC_PREPROCESSOR_DEFINITIONS = (
					"DEBUG=1",
					"$(inherited)",
				);
				GCC_WARN_64_TO_32_BIT_CONVERSION = YES;
				GCC_WARN_ABOUT_RETURN_TYPE = YES_ERROR;
				GCC_WARN_UNDECLARED_SELECTOR = YES;
				GCC_WARN_UNINITIALIZED_AUTOS = YES_AGGRESSIVE;
				GCC_WARN_UNUSED_FUNCTION = YES;
				GCC_WARN_UNUSED_VARIABLE = YES;
				IPHONEOS_DEPLOYMENT_TARGET = 16.0;
				MTL_ENABLE_DEBUG_INFO = INCLUDE_SOURCE;
				MTL_FAST_MATH = YES;
				ONLY_ACTIVE_ARCH = YES;
				SDKROOT = iphoneos;
				SWIFT_ACTIVE_COMPILATION_CONDITIONS = DEBUG;
				SWIFT_OPTIMIZATION_LEVEL = "-Onone";
			};
			name = Debug;
		};
		8447137D29294D68005C6650 /* Release */ = {
			isa = XCBuildConfiguration;
			buildSettings = {
				ALWAYS_SEARCH_USER_PATHS = NO;
				CLANG_ANALYZER_NONNULL = YES;
				CLANG_ANALYZER_NUMBER_OBJECT_CONVERSION = YES_AGGRESSIVE;
				CLANG_CXX_LANGUAGE_STANDARD = "gnu++20";
				CLANG_ENABLE_MODULES = YES;
				CLANG_ENABLE_OBJC_ARC = YES;
				CLANG_ENABLE_OBJC_WEAK = YES;
				CLANG_WARN_BLOCK_CAPTURE_AUTORELEASING = YES;
				CLANG_WARN_BOOL_CONVERSION = YES;
				CLANG_WARN_COMMA = YES;
				CLANG_WARN_CONSTANT_CONVERSION = YES;
				CLANG_WARN_DEPRECATED_OBJC_IMPLEMENTATIONS = YES;
				CLANG_WARN_DIRECT_OBJC_ISA_USAGE = YES_ERROR;
				CLANG_WARN_DOCUMENTATION_COMMENTS = YES;
				CLANG_WARN_EMPTY_BODY = YES;
				CLANG_WARN_ENUM_CONVERSION = YES;
				CLANG_WARN_INFINITE_RECURSION = YES;
				CLANG_WARN_INT_CONVERSION = YES;
				CLANG_WARN_NON_LITERAL_NULL_CONVERSION = YES;
				CLANG_WARN_OBJC_IMPLICIT_RETAIN_SELF = YES;
				CLANG_WARN_OBJC_LITERAL_CONVERSION = YES;
				CLANG_WARN_OBJC_ROOT_CLASS = YES_ERROR;
				CLANG_WARN_QUOTED_INCLUDE_IN_FRAMEWORK_HEADER = YES;
				CLANG_WARN_RANGE_LOOP_ANALYSIS = YES;
				CLANG_WARN_STRICT_PROTOTYPES = YES;
				CLANG_WARN_SUSPICIOUS_MOVE = YES;
				CLANG_WARN_UNGUARDED_AVAILABILITY = YES_AGGRESSIVE;
				CLANG_WARN_UNREACHABLE_CODE = YES;
				CLANG_WARN__DUPLICATE_METHOD_MATCH = YES;
				COPY_PHASE_STRIP = NO;
				DEBUG_INFORMATION_FORMAT = "dwarf-with-dsym";
				ENABLE_NS_ASSERTIONS = NO;
				ENABLE_STRICT_OBJC_MSGSEND = YES;
				GCC_C_LANGUAGE_STANDARD = gnu11;
				GCC_NO_COMMON_BLOCKS = YES;
				GCC_WARN_64_TO_32_BIT_CONVERSION = YES;
				GCC_WARN_ABOUT_RETURN_TYPE = YES_ERROR;
				GCC_WARN_UNDECLARED_SELECTOR = YES;
				GCC_WARN_UNINITIALIZED_AUTOS = YES_AGGRESSIVE;
				GCC_WARN_UNUSED_FUNCTION = YES;
				GCC_WARN_UNUSED_VARIABLE = YES;
				IPHONEOS_DEPLOYMENT_TARGET = 16.0;
				MTL_ENABLE_DEBUG_INFO = NO;
				MTL_FAST_MATH = YES;
				SDKROOT = iphoneos;
				SWIFT_COMPILATION_MODE = wholemodule;
				SWIFT_OPTIMIZATION_LEVEL = "-O";
				VALIDATE_PRODUCT = YES;
			};
			name = Release;
		};
		8447137F29294D68005C6650 /* Debug */ = {
			isa = XCBuildConfiguration;
			baseConfigurationReference = 13B82294455BD8AE592100AF /* Pods-MyHabits.debug.xcconfig */;
			buildSettings = {
				ASSETCATALOG_COMPILER_APPICON_NAME = AppIcon;
				ASSETCATALOG_COMPILER_GLOBAL_ACCENT_COLOR_NAME = AccentColor;
				CODE_SIGN_STYLE = Automatic;
				CURRENT_PROJECT_VERSION = 1;
				DEVELOPMENT_TEAM = A49A429DN2;
				GENERATE_INFOPLIST_FILE = YES;
				INFOPLIST_FILE = MyHabits/HelpingFiles/Info.plist;
				INFOPLIST_KEY_UIApplicationSupportsIndirectInputEvents = YES;
				INFOPLIST_KEY_UILaunchStoryboardName = LaunchScreen;
				INFOPLIST_KEY_UIRequiresFullScreen = YES;
				INFOPLIST_KEY_UISupportedInterfaceOrientations = "UIInterfaceOrientationLandscapeLeft UIInterfaceOrientationLandscapeRight UIInterfaceOrientationPortrait";
				LD_RUNPATH_SEARCH_PATHS = (
					"$(inherited)",
					"@executable_path/Frameworks",
				);
				MARKETING_VERSION = 1.0;
				PRODUCT_BUNDLE_IDENTIFIER = temaathletic.org.MyHabits;
				PRODUCT_NAME = "$(TARGET_NAME)";
				SWIFT_EMIT_LOC_STRINGS = YES;
				SWIFT_VERSION = 5.0;
				TARGETED_DEVICE_FAMILY = "1,2";
			};
			name = Debug;
		};
		8447138029294D68005C6650 /* Release */ = {
			isa = XCBuildConfiguration;
			baseConfigurationReference = 3F6D38533DCE431F26180414 /* Pods-MyHabits.release.xcconfig */;
			buildSettings = {
				ASSETCATALOG_COMPILER_APPICON_NAME = AppIcon;
				ASSETCATALOG_COMPILER_GLOBAL_ACCENT_COLOR_NAME = AccentColor;
				CODE_SIGN_STYLE = Automatic;
				CURRENT_PROJECT_VERSION = 1;
				DEVELOPMENT_TEAM = A49A429DN2;
				GENERATE_INFOPLIST_FILE = YES;
				INFOPLIST_FILE = MyHabits/HelpingFiles/Info.plist;
				INFOPLIST_KEY_UIApplicationSupportsIndirectInputEvents = YES;
				INFOPLIST_KEY_UILaunchStoryboardName = LaunchScreen;
				INFOPLIST_KEY_UIRequiresFullScreen = YES;
				INFOPLIST_KEY_UISupportedInterfaceOrientations = "UIInterfaceOrientationLandscapeLeft UIInterfaceOrientationLandscapeRight UIInterfaceOrientationPortrait";
				LD_RUNPATH_SEARCH_PATHS = (
					"$(inherited)",
					"@executable_path/Frameworks",
				);
				MARKETING_VERSION = 1.0;
				PRODUCT_BUNDLE_IDENTIFIER = temaathletic.org.MyHabits;
				PRODUCT_NAME = "$(TARGET_NAME)";
				SWIFT_EMIT_LOC_STRINGS = YES;
				SWIFT_VERSION = 5.0;
				TARGETED_DEVICE_FAMILY = "1,2";
			};
			name = Release;
		};
/* End XCBuildConfiguration section */

/* Begin XCConfigurationList section */
		8447136529294D65005C6650 /* Build configuration list for PBXProject "MyHabits" */ = {
			isa = XCConfigurationList;
			buildConfigurations = (
				8447137C29294D68005C6650 /* Debug */,
				8447137D29294D68005C6650 /* Release */,
			);
			defaultConfigurationIsVisible = 0;
			defaultConfigurationName = Release;
		};
		8447137E29294D68005C6650 /* Build configuration list for PBXNativeTarget "MyHabits" */ = {
			isa = XCConfigurationList;
			buildConfigurations = (
				8447137F29294D68005C6650 /* Debug */,
				8447138029294D68005C6650 /* Release */,
			);
			defaultConfigurationIsVisible = 0;
			defaultConfigurationName = Release;
		};
/* End XCConfigurationList section */
	};
	rootObject = 8447136229294D65005C6650 /* Project object */;
}
